
Microsoft Visual Studio Solution File, Format Version 12.00
# Visual Studio Version 17
VisualStudioVersion = 17.3.32825.248
MinimumVisualStudioVersion = 10.0.40219.1
Project("{FAE04EC0-301F-11D3-BF4B-00C04F79EFBC}") = "Converter", "Converter\Converter.csproj", "{C7C35007-B55F-4111-AC85-72561FB99562}"
EndProject
Global
	GlobalSection(SolutionConfigurationPlatforms) = preSolution
		Debug|Any CPU = Debug|Any CPU
		Release|Any CPU = Release|Any CPU
	EndGlobalSection
	GlobalSection(ProjectConfigurationPlatforms) = postSolution
		{C7C35007-B55F-4111-AC85-72561FB99562}.Debug|Any CPU.ActiveCfg = Debug|Any CPU
		{C7C35007-B55F-4111-AC85-72561FB99562}.Debug|Any CPU.Build.0 = Debug|Any CPU
		{C7C35007-B55F-4111-AC85-72561FB99562}.Release|Any CPU.ActiveCfg = Release|Any CPU
		{C7C35007-B55F-4111-AC85-72561FB99562}.Release|Any CPU.Build.0 = Release|Any CPU
	EndGlobalSection
	GlobalSection(SolutionProperties) = preSolution
		HideSolutionNode = FALSE
	EndGlobalSection
	GlobalSection(ExtensibilityGlobals) = postSolution
		SolutionGuid = {E9225904-1CD0-4B4E-A887-B28A3D471AB2}
	EndGlobalSection
EndGlobal
